<?xml version="1.0" encoding="utf-8"?>
<Project ToolsVersion="4.0" xmlns="http://schemas.microsoft.com/developer/msbuild/2003">
  <ItemGroup>
    <Filter Include="Source Files">
      <UniqueIdentifier>{4FC737F1-C7A5-4376-A066-2A32D752A2FF}</UniqueIdentifier>
      <Extensions>cpp;c;cc;cxx;def;odl;idl;hpj;bat;asm;asmx</Extensions>
    </Filter>
    <Filter Include="Header Files">
      <UniqueIdentifier>{93995380-89BD-4b04-88EB-625FBE52EBFB}</UniqueIdentifier>
      <Extensions>h;hpp;hxx;hm;inl;inc;xsd</Extensions>
    </Filter>
    <Filter Include="C Source Files">
      <UniqueIdentifier>{1d92b3a9-9201-452f-8eea-8232505a434a}</UniqueIdentifier>
    </Filter>
  </ItemGroup>
  <ItemGroup>
    <ClCompile Include="accepter.cpp">
      <Filter>Source Files</Filter>
    </ClCompile>
    <ClCompile Include="alignresult.cpp">
      <Filter>Source Files</Filter>
    </ClCompile>
    <ClCompile Include="alnheuristics.cpp">
      <Filter>Source Files</Filter>
    </ClCompile>
    <ClCompile Include="alnparams.cpp">
      <Filter>Source Files</Filter>
    </ClCompile>
    <ClCompile Include="alpha.cpp">
      <Filter>Source Files</Filter>
    </ClCompile>
    <ClCompile Include="alpha2.cpp">
      <Filter>Source Files</Filter>
    </ClCompile>
    <ClCompile Include="alphainfo.cpp">
      <Filter>Source Files</Filter>
    </ClCompile>
    <ClCompile Include="blast6out.cpp">
      <Filter>Source Files</Filter>
    </ClCompile>
    <ClCompile Include="blosum62.cpp">
      <Filter>Source Files</Filter>
    </ClCompile>
    <ClCompile Include="chainer.cpp">
      <Filter>Source Files</Filter>
    </ClCompile>
    <ClCompile Include="clustersink.cpp">
      <Filter>Source Files</Filter>
    </ClCompile>
    <ClCompile Include="comppath.cpp">
      <Filter>Source Files</Filter>
    </ClCompile>
    <ClCompile Include="derepfull.cpp">
      <Filter>Source Files</Filter>
    </ClCompile>
    <ClCompile Include="diagbox.cpp">
      <Filter>Source Files</Filter>
    </ClCompile>
    <ClCompile Include="estats.cpp">
      <Filter>Source Files</Filter>
    </ClCompile>
    <ClCompile Include="evalue.cpp">
      <Filter>Source Files</Filter>
    </ClCompile>
    <ClCompile Include="fastaseqsource.cpp">
      <Filter>Source Files</Filter>
    </ClCompile>
    <ClCompile Include="gethsps.cpp">
      <Filter>Source Files</Filter>
    </ClCompile>
    <ClCompile Include="globalaligner.cpp">
      <Filter>Source Files</Filter>
    </ClCompile>
    <ClCompile Include="globalalignmem.cpp">
      <Filter>Source Files</Filter>
    </ClCompile>
    <ClCompile Include="hitmgr.cpp">
      <Filter>Source Files</Filter>
    </ClCompile>
    <ClCompile Include="hspfinder.cpp">
      <Filter>Source Files</Filter>
    </ClCompile>
    <ClCompile Include="lnfrac.cpp">
      <Filter>Source Files</Filter>
    </ClCompile>
    <ClCompile Include="logaln.cpp">
      <Filter>Source Files</Filter>
    </ClCompile>
    <ClCompile Include="makeudb.cpp">
      <Filter>Source Files</Filter>
    </ClCompile>
    <ClCompile Include="mx.cpp">
      <Filter>Source Files</Filter>
    </ClCompile>
    <ClCompile Include="myutils.cpp">
      <Filter>Source Files</Filter>
    </ClCompile>
    <ClCompile Include="objmgr.cpp">
      <Filter>Source Files</Filter>
    </ClCompile>
    <ClCompile Include="outputsink.cpp">
      <Filter>Source Files</Filter>
    </ClCompile>
    <ClCompile Include="pattern.cpp">
      <Filter>Source Files</Filter>
    </ClCompile>
    <ClCompile Include="scorepath.cpp">
      <Filter>Source Files</Filter>
    </ClCompile>
    <ClCompile Include="search.cpp">
      <Filter>Source Files</Filter>
    </ClCompile>
    <ClCompile Include="searcher.cpp">
      <Filter>Source Files</Filter>
    </ClCompile>
    <ClCompile Include="segmaskseq.cpp">
      <Filter>Source Files</Filter>
    </ClCompile>
    <ClCompile Include="seqdb.cpp">
      <Filter>Source Files</Filter>
    </ClCompile>
    <ClCompile Include="seqdbio.cpp">
      <Filter>Source Files</Filter>
    </ClCompile>
    <ClCompile Include="seqinfo.cpp">
      <Filter>Source Files</Filter>
    </ClCompile>
    <ClCompile Include="setnucmx.cpp">
      <Filter>Source Files</Filter>
    </ClCompile>
    <ClCompile Include="substmx.cpp">
      <Filter>Source Files</Filter>
    </ClCompile>
    <ClCompile Include="terminator.cpp">
      <Filter>Source Files</Filter>
    </ClCompile>
    <ClCompile Include="tracebackbitmem.cpp">
      <Filter>Source Files</Filter>
    </ClCompile>
    <ClCompile Include="udbcodedsearcher.cpp">
      <Filter>Source Files</Filter>
    </ClCompile>
    <ClCompile Include="udbdata.cpp">
      <Filter>Source Files</Filter>
    </ClCompile>
    <ClCompile Include="udbinfo.cpp">
      <Filter>Source Files</Filter>
    </ClCompile>
    <ClCompile Include="udbio.cpp">
      <Filter>Source Files</Filter>
    </ClCompile>
    <ClCompile Include="udbparams.cpp">
      <Filter>Source Files</Filter>
    </ClCompile>
    <ClCompile Include="udbsearcher.cpp">
      <Filter>Source Files</Filter>
    </ClCompile>
    <ClCompile Include="udbstats.cpp">
      <Filter>Source Files</Filter>
    </ClCompile>
    <ClCompile Include="udbusortedsearcher.cpp">
      <Filter>Source Files</Filter>
    </ClCompile>
    <ClCompile Include="ungappedblast.cpp">
      <Filter>Source Files</Filter>
    </ClCompile>
    <ClCompile Include="usearch_main.cpp">
      <Filter>Source Files</Filter>
    </ClCompile>
    <ClCompile Include="userout.cpp">
      <Filter>Source Files</Filter>
    </ClCompile>
    <ClCompile Include="viterbifastbandmem.cpp">
      <Filter>Source Files</Filter>
    </ClCompile>
    <ClCompile Include="viterbifastmem.cpp">
      <Filter>Source Files</Filter>
    </ClCompile>
    <ClCompile Include="wordparams.cpp">
      <Filter>Source Files</Filter>
    </ClCompile>
    <ClCompile Include="xdropalignmem.cpp">
      <Filter>Source Files</Filter>
    </ClCompile>
    <ClCompile Include="xdropbwdmem.cpp">
      <Filter>Source Files</Filter>
    </ClCompile>
    <ClCompile Include="countsort.cpp">
      <Filter>Source Files</Filter>
    </ClCompile>
    <ClCompile Include="prime.cpp">
      <Filter>Source Files</Filter>
    </ClCompile>
    <ClCompile Include="seqdbfromfasta.cpp">
      <Filter>Source Files</Filter>
    </ClCompile>
    <ClCompile Include="derepresult.cpp">
      <Filter>Source Files</Filter>
    </ClCompile>
    <ClCompile Include="localaligner.cpp">
      <Filter>Source Files</Filter>
    </ClCompile>
    <ClCompile Include="lockobj.cpp">
      <Filter>Source Files</Filter>
    </ClCompile>
    <ClCompile Include="udbusortedsearcherbig.cpp">
      <Filter>Source Files</Filter>
    </ClCompile>
    <ClCompile Include="make3way.cpp">
      <Filter>Source Files</Filter>
    </ClCompile>
    <ClCompile Include="makesearcher.cpp">
      <Filter>Source Files</Filter>
    </ClCompile>
    <ClCompile Include="seqsource.cpp">
      <Filter>Source Files</Filter>
    </ClCompile>
    <ClCompile Include="dustmask.cpp">
      <Filter>Source Files</Filter>
    </ClCompile>
    <ClCompile Include="fastmask.cpp">
      <Filter>Source Files</Filter>
    </ClCompile>
    <ClCompile Include="alnout.cpp">
      <Filter>Source Files</Filter>
    </ClCompile>
    <ClCompile Include="localaligner2.cpp">
      <Filter>Source Files</Filter>
    </ClCompile>
    <ClCompile Include="localmulti.cpp">
      <Filter>Source Files</Filter>
    </ClCompile>
    <ClCompile Include="cmdline.cpp">
      <Filter>Source Files</Filter>
    </ClCompile>
    <ClCompile Include="cmd.cpp">
      <Filter>Source Files</Filter>
    </ClCompile>
    <ClCompile Include="getcmd.cpp">
      <Filter>Source Files</Filter>
    </ClCompile>
    <ClCompile Include="seqdbsearcher.cpp">
      <Filter>Source Files</Filter>
    </ClCompile>
    <ClCompile Include="xdropfwdmem.cpp">
      <Filter>Source Files</Filter>
    </ClCompile>
    <ClCompile Include="xdropfwdsplit.cpp">
      <Filter>Source Files</Filter>
    </ClCompile>
    <ClCompile Include="xdropbwdsplit.cpp">
      <Filter>Source Files</Filter>
    </ClCompile>
    <ClCompile Include="dbhitsink.cpp">
      <Filter>Source Files</Filter>
    </ClCompile>
    <ClCompile Include="fastq.cpp">
      <Filter>Source Files</Filter>
    </ClCompile>
    <ClCompile Include="fastqfilter.cpp">
      <Filter>Source Files</Filter>
    </ClCompile>
    <ClCompile Include="fastqmerge.cpp">
      <Filter>Source Files</Filter>
    </ClCompile>
    <ClCompile Include="uparsedp.cpp">
      <Filter>Source Files</Filter>
    </ClCompile>
    <ClCompile Include="uparsepretty.cpp">
      <Filter>Source Files</Filter>
    </ClCompile>
    <ClCompile Include="uparsesink.cpp">
      <Filter>Source Files</Filter>
    </ClCompile>
    <ClCompile Include="pcb.cpp">
      <Filter>Source Files</Filter>
    </ClCompile>
    <ClCompile Include="seqdbseqsource.cpp">
      <Filter>Source Files</Filter>
    </ClCompile>
    <ClCompile Include="tree.cpp">
      <Filter>Source Files</Filter>
    </ClCompile>
    <ClCompile Include="treetofile.cpp">
      <Filter>Source Files</Filter>
    </ClCompile>
    <ClCompile Include="pathinfo.cpp">
      <Filter>Source Files</Filter>
    </ClCompile>
    <ClCompile Include="udbbuild.cpp">
      <Filter>Source Files</Filter>
    </ClCompile>
    <ClCompile Include="arscorer.cpp">
      <Filter>Source Files</Filter>
    </ClCompile>
    <ClCompile Include="fastqseqsource.cpp">
      <Filter>Source Files</Filter>
    </ClCompile>
    <ClCompile Include="fileseqsource.cpp">
      <Filter>Source Files</Filter>
    </ClCompile>
    <ClCompile Include="linereader.cpp">
      <Filter>Source Files</Filter>
    </ClCompile>
    <ClCompile Include="filetype.cpp">
      <Filter>Source Files</Filter>
    </ClCompile>
    <ClCompile Include="chainer1.cpp">
      <Filter>Source Files</Filter>
    </ClCompile>
    <ClCompile Include="fragaligner.cpp">
      <Filter>Source Files</Filter>
    </ClCompile>
    <ClCompile Include="loaddb.cpp">
      <Filter>Source Files</Filter>
    </ClCompile>
    <ClCompile Include="searchcmd.cpp">
      <Filter>Source Files</Filter>
    </ClCompile>
    <ClCompile Include="orffinder.cpp">
      <Filter>Source Files</Filter>
    </ClCompile>
    <ClCompile Include="fastqjoin.cpp">
      <Filter>Source Files</Filter>
    </ClCompile>
    <ClCompile Include="seqhash.cpp">
      <Filter>Source Files</Filter>
    </ClCompile>
    <ClCompile Include="clusterfast.cpp">
      <Filter>Source Files</Filter>
    </ClCompile>
    <ClCompile Include="clustersmallmem.cpp">
      <Filter>Source Files</Filter>
    </ClCompile>
    <ClCompile Include="outputuc.cpp">
      <Filter>Source Files</Filter>
    </ClCompile>
    <ClCompile Include="finger.cpp">
      <Filter>Source Files</Filter>
    </ClCompile>
    <ClCompile Include="upclustersink.cpp">
      <Filter>Source Files</Filter>
    </ClCompile>
    <ClCompile Include="mask.cpp">
      <Filter>Source Files</Filter>
    </ClCompile>
    <ClCompile Include="orient.cpp">
      <Filter>Source Files</Filter>
    </ClCompile>
    <ClCompile Include="constaxstr.cpp">
      <Filter>Source Files</Filter>
    </ClCompile>
    <ClCompile Include="label.cpp">
      <Filter>Source Files</Filter>
    </ClCompile>
    <ClCompile Include="mergestats.cpp">
      <Filter>Source Files</Filter>
    </ClCompile>
    <ClCompile Include="mergethread.cpp">
      <Filter>Source Files</Filter>
    </ClCompile>
    <ClCompile Include="mergepair.cpp">
      <Filter>Source Files</Filter>
    </ClCompile>
    <ClCompile Include="mergepre.cpp">
      <Filter>Source Files</Filter>
    </ClCompile>
    <ClCompile Include="mergealign.cpp">
      <Filter>Source Files</Filter>
    </ClCompile>
    <ClCompile Include="mergelogvaln.cpp">
      <Filter>Source Files</Filter>
    </ClCompile>
    <ClCompile Include="mergepost.cpp">
      <Filter>Source Files</Filter>
    </ClCompile>
    <ClCompile Include="otutab.cpp">
      <Filter>Source Files</Filter>
    </ClCompile>
    <ClCompile Include="json.cpp">
      <Filter>Source Files</Filter>
    </ClCompile>
    <ClCompile Include="otutabsink.cpp">
      <Filter>Source Files</Filter>
    </ClCompile>
    <ClCompile Include="getfastqs.cpp">
      <Filter>Source Files</Filter>
    </ClCompile>
    <ClCompile Include="bitmapsearcher.cpp">
      <Filter>Source Files</Filter>
    </ClCompile>
    <ClCompile Include="quarts.cpp">
      <Filter>Source Files</Filter>
    </ClCompile>
    <ClCompile Include="deparser.cpp">
      <Filter>Source Files</Filter>
    </ClCompile>
    <ClCompile Include="uchime2denovo.cpp">
      <Filter>Source Files</Filter>
    </ClCompile>
    <ClCompile Include="chimehit.cpp">
      <Filter>Source Files</Filter>
    </ClCompile>
    <ClCompile Include="bimeradp.cpp">
      <Filter>Source Files</Filter>
    </ClCompile>
    <ClCompile Include="sintaxsearcher.cpp">
      <Filter>Source Files</Filter>
    </ClCompile>
    <ClCompile Include="interp.cpp">
      <Filter>Source Files</Filter>
    </ClCompile>
    <ClCompile Include="newick.cpp">
      <Filter>Source Files</Filter>
    </ClCompile>
    <ClCompile Include="treefromagg.cpp">
      <Filter>Source Files</Filter>
    </ClCompile>
    <ClCompile Include="findgene.cpp">
      <Filter>Source Files</Filter>
    </ClCompile>
    <ClCompile Include="genefinder.cpp">
      <Filter>Source Files</Filter>
    </ClCompile>
    <ClCompile Include="bitvec.cpp">
      <Filter>Source Files</Filter>
    </ClCompile>
    <ClCompile Include="getuniquelettercount.cpp">
      <Filter>Source Files</Filter>
    </ClCompile>
    <ClCompile Include="closedrefsink.cpp">
      <Filter>Source Files</Filter>
    </ClCompile>
    <ClCompile Include="tax.cpp">
      <Filter>Source Files</Filter>
    </ClCompile>
    <ClCompile Include="fastxgetsamplenames.cpp">
      <Filter>Source Files</Filter>
    </ClCompile>
    <ClCompile Include="sintaxsummary.cpp">
      <Filter>Source Files</Filter>
    </ClCompile>
    <ClCompile Include="getu.cpp">
      <Filter>Source Files</Filter>
    </ClCompile>
    <ClCompile Include="strdict.cpp">
      <Filter>Source Files</Filter>
    </ClCompile>
    <ClCompile Include="taxy.cpp">
      <Filter>Source Files</Filter>
    </ClCompile>
    <ClCompile Include="constaxsink.cpp">
      <Filter>Source Files</Filter>
    </ClCompile>
    <ClCompile Include="constaxf.cpp">
      <Filter>Source Files</Filter>
    </ClCompile>
    <ClCompile Include="wordcounter.cpp">
      <Filter>Source Files</Filter>
    </ClCompile>
    <ClCompile Include="bitvec64.cpp">
      <Filter>Source Files</Filter>
    </ClCompile>
    <ClCompile Include="fastqfilter2.cpp">
      <Filter>Source Files</Filter>
    </ClCompile>
    <ClCompile Include="gzipfileio.cpp">
      <Filter>Source Files</Filter>
    </ClCompile>
    <ClCompile Include="getglobalhsps.cpp">
      <Filter>Source Files</Filter>
    </ClCompile>
    <ClCompile Include="unoise3.cpp">
      <Filter>Source Files</Filter>
    </ClCompile>
    <ClCompile Include="adler32.c">
      <Filter>C Source Files</Filter>
    </ClCompile>
    <ClCompile Include="crc32.c">
      <Filter>C Source Files</Filter>
    </ClCompile>
    <ClCompile Include="deflate.c">
      <Filter>C Source Files</Filter>
    </ClCompile>
    <ClCompile Include="gzlib.c">
      <Filter>C Source Files</Filter>
    </ClCompile>
    <ClCompile Include="gzread.c">
      <Filter>C Source Files</Filter>
    </ClCompile>
    <ClCompile Include="infback.c">
      <Filter>C Source Files</Filter>
    </ClCompile>
    <ClCompile Include="inffast.c">
      <Filter>C Source Files</Filter>
    </ClCompile>
    <ClCompile Include="inflate.c">
      <Filter>C Source Files</Filter>
    </ClCompile>
    <ClCompile Include="inftrees.c">
      <Filter>C Source Files</Filter>
    </ClCompile>
    <ClCompile Include="trees.c">
      <Filter>C Source Files</Filter>
    </ClCompile>
    <ClCompile Include="zutil.c">
      <Filter>C Source Files</Filter>
    </ClCompile>
    <ClCompile Include="chunksearcher.cpp">
      <Filter>Source Files</Filter>
    </ClCompile>
    <ClCompile Include="fastxtruncate.cpp">
      <Filter>Source Files</Filter>
    </ClCompile>
    <ClCompile Include="staralign.cpp">
      <Filter>Source Files</Filter>
    </ClCompile>
  </ItemGroup>
  <ItemGroup>
    <ClInclude Include="accepter.h">
      <Filter>Header Files</Filter>
    </ClInclude>
    <ClInclude Include="aligner.h">
      <Filter>Header Files</Filter>
    </ClInclude>
    <ClInclude Include="alignresult.h">
      <Filter>Header Files</Filter>
    </ClInclude>
    <ClInclude Include="alnheuristics.h">
      <Filter>Header Files</Filter>
    </ClInclude>
    <ClInclude Include="alnparams.h">
      <Filter>Header Files</Filter>
    </ClInclude>
    <ClInclude Include="alpha.h">
      <Filter>Header Files</Filter>
    </ClInclude>
    <ClInclude Include="alphainfo.h">
      <Filter>Header Files</Filter>
    </ClInclude>
    <ClInclude Include="annotator.h">
      <Filter>Header Files</Filter>
    </ClInclude>
    <ClInclude Include="bitmapsearcher.h">
      <Filter>Header Files</Filter>
    </ClInclude>
    <ClInclude Include="bitvec.h">
      <Filter>Header Files</Filter>
    </ClInclude>
    <ClInclude Include="bitvec64.h">
      <Filter>Header Files</Filter>
    </ClInclude>
    <ClInclude Include="chainer.h">
      <Filter>Header Files</Filter>
    </ClInclude>
    <ClInclude Include="chainer1.h">
      <Filter>Header Files</Filter>
    </ClInclude>
    <ClInclude Include="chimehit.h">
      <Filter>Header Files</Filter>
    </ClInclude>
    <ClInclude Include="chunksearcher.h">
      <Filter>Header Files</Filter>
    </ClInclude>
    <ClInclude Include="closedrefsink.h">
      <Filter>Header Files</Filter>
    </ClInclude>
    <ClInclude Include="clustersink.h">
      <Filter>Header Files</Filter>
    </ClInclude>
    <ClInclude Include="cmd.h">
      <Filter>Header Files</Filter>
    </ClInclude>
    <ClInclude Include="cmds.h">
      <Filter>Header Files</Filter>
    </ClInclude>
    <ClInclude Include="combo.h">
      <Filter>Header Files</Filter>
    </ClInclude>
    <ClInclude Include="constaxf.h">
      <Filter>Header Files</Filter>
    </ClInclude>
    <ClInclude Include="constaxsink.h">
      <Filter>Header Files</Filter>
    </ClInclude>
    <ClInclude Include="constaxstr.h">
      <Filter>Header Files</Filter>
    </ClInclude>
    <ClInclude Include="count.h">
      <Filter>Header Files</Filter>
    </ClInclude>
    <ClInclude Include="countsort.h">
      <Filter>Header Files</Filter>
    </ClInclude>
    <ClInclude Include="crc32.h">
      <Filter>Header Files</Filter>
    </ClInclude>
    <ClInclude Include="dbhitsink.h">
      <Filter>Header Files</Filter>
    </ClInclude>
    <ClInclude Include="dbtype.h">
      <Filter>Header Files</Filter>
    </ClInclude>
    <ClInclude Include="deflate.h">
      <Filter>Header Files</Filter>
    </ClInclude>
    <ClInclude Include="deparser.h">
      <Filter>Header Files</Filter>
    </ClInclude>
    <ClInclude Include="derep.h">
      <Filter>Header Files</Filter>
    </ClInclude>
    <ClInclude Include="derepresult.h">
      <Filter>Header Files</Filter>
    </ClInclude>
    <ClInclude Include="diagbox.h">
      <Filter>Header Files</Filter>
    </ClInclude>
    <ClInclude Include="duster.h">
      <Filter>Header Files</Filter>
    </ClInclude>
    <ClInclude Include="estats.h">
      <Filter>Header Files</Filter>
    </ClInclude>
    <ClInclude Include="evalue.h">
      <Filter>Header Files</Filter>
    </ClInclude>
    <ClInclude Include="fastaseqsource.h">
      <Filter>Header Files</Filter>
    </ClInclude>
    <ClInclude Include="fastq.h">
      <Filter>Header Files</Filter>
    </ClInclude>
    <ClInclude Include="fastqseqsource.h">
      <Filter>Header Files</Filter>
    </ClInclude>
    <ClInclude Include="fileseqsource.h">
      <Filter>Header Files</Filter>
    </ClInclude>
    <ClInclude Include="filetype.h">
      <Filter>Header Files</Filter>
    </ClInclude>
    <ClInclude Include="finger.h">
      <Filter>Header Files</Filter>
    </ClInclude>
    <ClInclude Include="fragaligner.h">
      <Filter>Header Files</Filter>
    </ClInclude>
    <ClInclude Include="genefinder.h">
      <Filter>Header Files</Filter>
    </ClInclude>
    <ClInclude Include="getticks.h">
      <Filter>Header Files</Filter>
    </ClInclude>
    <ClInclude Include="getu.h">
      <Filter>Header Files</Filter>
    </ClInclude>
    <ClInclude Include="globalaligner.h">
      <Filter>Header Files</Filter>
    </ClInclude>
    <ClInclude Include="gobuff.h">
      <Filter>Header Files</Filter>
    </ClInclude>
    <ClInclude Include="gzguts.h">
      <Filter>Header Files</Filter>
    </ClInclude>
    <ClInclude Include="hitmgr.h">
      <Filter>Header Files</Filter>
    </ClInclude>
    <ClInclude Include="hitsink.h">
      <Filter>Header Files</Filter>
    </ClInclude>
    <ClInclude Include="hsp.h">
      <Filter>Header Files</Filter>
    </ClInclude>
    <ClInclude Include="hspfinder.h">
      <Filter>Header Files</Filter>
    </ClInclude>
    <ClInclude Include="inffast.h">
      <Filter>Header Files</Filter>
    </ClInclude>
    <ClInclude Include="inffixed.h">
      <Filter>Header Files</Filter>
    </ClInclude>
    <ClInclude Include="inflate.h">
      <Filter>Header Files</Filter>
    </ClInclude>
    <ClInclude Include="inftrees.h">
      <Filter>Header Files</Filter>
    </ClInclude>
    <ClInclude Include="label.h">
      <Filter>Header Files</Filter>
    </ClInclude>
    <ClInclude Include="linereader.h">
      <Filter>Header Files</Filter>
    </ClInclude>
    <ClInclude Include="localaligner.h">
      <Filter>Header Files</Filter>
    </ClInclude>
    <ClInclude Include="localaligner2.h">
      <Filter>Header Files</Filter>
    </ClInclude>
    <ClInclude Include="lockobj.h">
      <Filter>Header Files</Filter>
    </ClInclude>
    <ClInclude Include="lockobjs.h">
      <Filter>Header Files</Filter>
    </ClInclude>
    <ClInclude Include="mask.h">
      <Filter>Header Files</Filter>
    </ClInclude>
    <ClInclude Include="merge.h">
      <Filter>Header Files</Filter>
    </ClInclude>
    <ClInclude Include="mergeglobals.h">
      <Filter>Header Files</Filter>
    </ClInclude>
    <ClInclude Include="mx.h">
      <Filter>Header Files</Filter>
    </ClInclude>
    <ClInclude Include="myopts.h">
      <Filter>Header Files</Filter>
    </ClInclude>
    <ClInclude Include="myutils.h">
      <Filter>Header Files</Filter>
    </ClInclude>
    <ClInclude Include="obj.h">
      <Filter>Header Files</Filter>
    </ClInclude>
    <ClInclude Include="objmgr.h">
      <Filter>Header Files</Filter>
    </ClInclude>
    <ClInclude Include="objtype.h">
      <Filter>Header Files</Filter>
    </ClInclude>
    <ClInclude Include="objtypes.h">
      <Filter>Header Files</Filter>
    </ClInclude>
    <ClInclude Include="omplock.h">
      <Filter>Header Files</Filter>
    </ClInclude>
    <ClInclude Include="orffinder.h">
      <Filter>Header Files</Filter>
    </ClInclude>
    <ClInclude Include="otutab.h">
      <Filter>Header Files</Filter>
    </ClInclude>
    <ClInclude Include="otutabsink.h">
      <Filter>Header Files</Filter>
    </ClInclude>
    <ClInclude Include="outputsink.h">
      <Filter>Header Files</Filter>
    </ClInclude>
    <ClInclude Include="pathinfo.h">
      <Filter>Header Files</Filter>
    </ClInclude>
    <ClInclude Include="pcb.h">
      <Filter>Header Files</Filter>
    </ClInclude>
    <ClInclude Include="pcrsink.h">
      <Filter>Header Files</Filter>
    </ClInclude>
    <ClInclude Include="phixfinder.h">
      <Filter>Header Files</Filter>
    </ClInclude>
    <ClInclude Include="preston.h">
      <Filter>Header Files</Filter>
    </ClInclude>
    <ClInclude Include="primes.h">
      <Filter>Header Files</Filter>
    </ClInclude>
    <ClInclude Include="qscoresink.h">
      <Filter>Header Files</Filter>
    </ClInclude>
    <ClInclude Include="quarts.h">
      <Filter>Header Files</Filter>
    </ClInclude>
    <ClInclude Include="searcher.h">
      <Filter>Header Files</Filter>
    </ClInclude>
    <ClInclude Include="segmask.h">
      <Filter>Header Files</Filter>
    </ClInclude>
    <ClInclude Include="seqdb.h">
      <Filter>Header Files</Filter>
    </ClInclude>
    <ClInclude Include="seqdbsearcher.h">
      <Filter>Header Files</Filter>
    </ClInclude>
    <ClInclude Include="seqdbseqsource.h">
      <Filter>Header Files</Filter>
    </ClInclude>
    <ClInclude Include="seqhash.h">
      <Filter>Header Files</Filter>
    </ClInclude>
    <ClInclude Include="seqinfo.h">
      <Filter>Header Files</Filter>
    </ClInclude>
    <ClInclude Include="seqsource.h">
      <Filter>Header Files</Filter>
    </ClInclude>
    <ClInclude Include="sintaxsearcher.h">
      <Filter>Header Files</Filter>
    </ClInclude>
    <ClInclude Include="sort.h">
      <Filter>Header Files</Filter>
    </ClInclude>
    <ClInclude Include="sparsemx.h">
      <Filter>Header Files</Filter>
    </ClInclude>
    <ClInclude Include="strdict.h">
      <Filter>Header Files</Filter>
    </ClInclude>
    <ClInclude Include="tax.h">
      <Filter>Header Files</Filter>
    </ClInclude>
    <ClInclude Include="taxy.h">
      <Filter>Header Files</Filter>
    </ClInclude>
    <ClInclude Include="terminator.h">
      <Filter>Header Files</Filter>
    </ClInclude>
    <ClInclude Include="tracebit.h">
      <Filter>Header Files</Filter>
    </ClInclude>
    <ClInclude Include="tree.h">
      <Filter>Header Files</Filter>
    </ClInclude>
    <ClInclude Include="trees.h">
      <Filter>Header Files</Filter>
    </ClInclude>
    <ClInclude Include="twobit.h">
      <Filter>Header Files</Filter>
    </ClInclude>
    <ClInclude Include="uchimefinder.h">
      <Filter>Header Files</Filter>
    </ClInclude>
    <ClInclude Include="udbcodedsearcher.h">
      <Filter>Header Files</Filter>
    </ClInclude>
    <ClInclude Include="udbdata.h">
      <Filter>Header Files</Filter>
    </ClInclude>
    <ClInclude Include="udbfile.h">
      <Filter>Header Files</Filter>
    </ClInclude>
    <ClInclude Include="udbparams.h">
      <Filter>Header Files</Filter>
    </ClInclude>
    <ClInclude Include="udbsearcher.h">
      <Filter>Header Files</Filter>
    </ClInclude>
    <ClInclude Include="udbusortedsearcher.h">
      <Filter>Header Files</Filter>
    </ClInclude>
    <ClInclude Include="ufenum.h">
      <Filter>Header Files</Filter>
    </ClInclude>
    <ClInclude Include="uparsesink.h">
      <Filter>Header Files</Filter>
    </ClInclude>
    <ClInclude Include="upclustersink.h">
      <Filter>Header Files</Filter>
    </ClInclude>
    <ClInclude Include="userfields.h">
      <Filter>Header Files</Filter>
    </ClInclude>
    <ClInclude Include="wordcounter.h">
      <Filter>Header Files</Filter>
    </ClInclude>
    <ClInclude Include="xdpmem.h">
      <Filter>Header Files</Filter>
    </ClInclude>
    <ClInclude Include="xtype.h">
      <Filter>Header Files</Filter>
    </ClInclude>
    <ClInclude Include="zconf.h">
      <Filter>Header Files</Filter>
    </ClInclude>
    <ClInclude Include="zlib.h">
      <Filter>Header Files</Filter>
    </ClInclude>
    <ClInclude Include="zutil.h">
      <Filter>Header Files</Filter>
    </ClInclude>
  </ItemGroup>
</Project>